{
    "_meta": {
        "hash": {
            "sha256": "08dc66ebd0458842348c2368d82fdbd1938e03af7afa9bdaa016a4e3e04ed6c1"
        },
        "pipfile-spec": 6,
        "requires": {
            "python_version": "3.7"
        },
        "sources": [
            {
                "name": "pypi",
                "url": "https://pypi.org/simple",
                "verify_ssl": true
            }
        ]
    },
    "default": {
        "dj-database-url": {
            "hashes": [
                "sha256:4aeaeb1f573c74835b0686a2b46b85990571159ffc21aa57ecd4d1e1cb334163",
                "sha256:851785365761ebe4994a921b433062309eb882fedd318e1b0fcecc607ed02da9"
            ],
            "version": "==0.5.0"
        },
        "django": {
            "hashes": [
                "sha256:1a41831eace203fd1939edf899e07d7abd12ce9bafc3d9a5a63a24a8d1d12bd5",
                "sha256:305b6c4fce9e03bb746e35780c2c4d52f29ea1669f15633cfd41bc8821c74c76"
            ],
            "index": "pypi",
            "version": "==2.1.11"
        },
        "django-heroku": {
            "hashes": [
                "sha256:2bc690aab89eedbe01311752320a9a12e7548e3b0ed102681acc5736a41a4762",
                "sha256:6af4bc3ae4a9b55eaad6dbe5164918982d2762661aebc9f83d9fa49f6009514e"
            ],
            "index": "pypi",
            "version": "==0.3.1"
        },
        "freeze": {
            "hashes": [
                "sha256:8174c224667b9e96eea3cc3204bf2b934a452f5f94188c8bcad797699b0a71ef"
            ],
            "index": "pypi",
            "version": "==1.0.10"
        },
        "gunicorn": {
            "hashes": [
                "sha256:aa8e0b40b4157b36a5df5e599f45c9c76d6af43845ba3b3b0efe2c70473c2471",
                "sha256:fa2662097c66f920f53f70621c6c58ca4a3c4d3434205e608e121b5b3b71f4f3"
            ],
            "index": "pypi",
            "version": "==19.9.0"
        },
        "pillow": {
            "hashes": [
                "sha256:00203f406818c3f45d47bb8fe7e67d3feddb8dcbbd45a289a1de7dd789226360",
                "sha256:0616f800f348664e694dddb0b0c88d26761dd5e9f34e1ed7b7a7d2da14b40cb7",
                "sha256:1f7908aab90c92ad85af9d2fec5fc79456a89b3adcc26314d2cde0e238bd789e",
                "sha256:2ea3517cd5779843de8a759c2349a3cd8d3893e03ab47053b66d5ec6f8bc4f93",
                "sha256:48a9f0538c91fc136b3a576bee0e7cd174773dc9920b310c21dcb5519722e82c",
                "sha256:5280ebc42641a1283b7b1f2c20e5b936692198b9dd9995527c18b794850be1a8",
                "sha256:5e34e4b5764af65551647f5cc67cf5198c1d05621781d5173b342e5e55bf023b",
                "sha256:63b120421ab85cad909792583f83b6ca3584610c2fe70751e23f606a3c2e87f0",
                "sha256:696b5e0109fe368d0057f484e2e91717b49a03f1e310f857f133a4acec9f91dd",
                "sha256:870ed021a42b1b02b5fe4a739ea735f671a84128c0a666c705db2cb9abd528eb",
                "sha256:916da1c19e4012d06a372127d7140dae894806fad67ef44330e5600d77833581",
                "sha256:9303a289fa0811e1c6abd9ddebfc770556d7c3311cb2b32eff72164ddc49bc64",
                "sha256:9577888ecc0ad7d06c3746afaba339c94d62b59da16f7a5d1cff9e491f23dace",
                "sha256:987e1c94a33c93d9b209315bfda9faa54b8edfce6438a1e93ae866ba20de5956",
                "sha256:99a3bbdbb844f4fb5d6dd59fac836a40749781c1fa63c563bc216c27aef63f60",
                "sha256:99db8dc3097ceafbcff9cb2bff384b974795edeb11d167d391a02c7bfeeb6e16",
                "sha256:a5a96cf49eb580756a44ecf12949e52f211e20bffbf5a95760ac14b1e499cd37",
                "sha256:aa6ca3eb56704cdc0d876fc6047ffd5ee960caad52452fbee0f99908a141a0ae",
                "sha256:aade5e66795c94e4a2b2624affeea8979648d1b0ae3fcee17e74e2c647fc4a8a",
                "sha256:b78905860336c1d292409e3df6ad39cc1f1c7f0964e66844bbc2ebfca434d073",
                "sha256:b92f521cdc4e4a3041cc343625b699f20b0b5f976793fb45681aac1efda565f8",
                "sha256:bfde84bbd6ae5f782206d454b67b7ee8f7f818c29b99fd02bf022fd33bab14cb",
                "sha256:c2b62d3df80e694c0e4a0ed47754c9480521e25642251b3ab1dff050a4e60409",
                "sha256:c5e2be6c263b64f6f7656e23e18a4a9980cffc671442795682e8c4e4f815dd9f",
                "sha256:c99aa3c63104e0818ec566f8ff3942fb7c7a8f35f9912cb63fd8e12318b214b2",
                "sha256:dae06620d3978da346375ebf88b9e2dd7d151335ba668c995aea9ed07af7add4",
                "sha256:db5499d0710823fa4fb88206050d46544e8f0e0136a9a5f5570b026584c8fd74",
                "sha256:f36baafd82119c4a114b9518202f2a983819101dcc14b26e43fc12cbefdce00e",
                "sha256:f52b79c8796d81391ab295b04e520bda6feed54d54931708872e8f9ae9db0ea1",
                "sha256:ff8cff01582fa1a7e533cb97f628531c4014af4b5f38e33cdcfe5eec29b6d888"
            ],
            "index": "pypi",
            "version": "==5.3.0"
        },
        "psycopg2": {
            "hashes": [
                "sha256:4212ca404c4445dc5746c0d68db27d2cbfb87b523fe233dc84ecd24062e35677",
                "sha256:47fc642bf6f427805daf52d6e52619fe0637648fe27017062d898f3bf891419d",
                "sha256:72772181d9bad1fa349792a1e7384dde56742c14af2b9986013eb94a240f005b",
                "sha256:8396be6e5ff844282d4d49b81631772f80dabae5658d432202faf101f5283b7c",
                "sha256:893c11064b347b24ecdd277a094413e1954f8a4e8cdaf7ffbe7ca3db87c103f0",
                "sha256:92a07dfd4d7c325dd177548c4134052d4842222833576c8391aab6f74038fc3f",
                "sha256:965c4c93e33e6984d8031f74e51227bd755376a9df6993774fd5b6fb3288b1f4",
                "sha256:9ab75e0b2820880ae24b7136c4d230383e07db014456a476d096591172569c38",
                "sha256:b0845e3bdd4aa18dc2f9b6fb78fbd3d9d371ad167fd6d1b7ad01c0a6cdad4fc6",
                "sha256:dca2d7203f0dfce8ea4b3efd668f8ea65cd2b35112638e488a4c12594015f67b",
                "sha256:ed686e5926929887e2c7ae0a700e32c6129abb798b4ad2b846e933de21508151",
                "sha256:ef6df7e14698e79c59c7ee7cf94cd62e5b869db369ed4b1b8f7b729ea825712a",
                "sha256:f898e5cc0a662a9e12bde6f931263a1bbd350cfb18e1d5336a12927851825bb6"
            ],
            "version": "==2.8.4"
        },
        "pytz": {
            "hashes": [
                "sha256:1c557d7d0e871de1f5ccd5833f60fb2550652da6be2693c1e02300743d21500d",
                "sha256:b02c06db6cf09c12dd25137e563b31700d3b80fcc4ad23abb7a315f2789819be"
            ],
            "version": "==2019.3"
        },
        "six": {
            "hashes": [
                "sha256:1f1b7d42e254082a9db6279deae68afb421ceba6158efa6131de7b3003ee93fd",
                "sha256:30f610279e8b2578cab6db20741130331735c781b56053c59c4076da27f06b66"
            ],
            "version": "==1.13.0"
        },
        "whitenoise": {
            "hashes": [
                "sha256:22f79cf8f1f509639330f93886acaece8ec5ac5e9600c3b981d33c34e8a42dfd",
                "sha256:6dfea214b7c12efd689007abf9afa87a426586e9dbc051873ad2c8e535e2a1ac"
            ],
            "version": "==4.1.4"
        }
    },
    "develop": {}
}
